<?xml version="1.0" encoding="utf-8"?>
<Project ToolsVersion="4.0" xmlns="http://schemas.microsoft.com/developer/msbuild/2003">
  <ItemGroup>
    <Filter Include="Source Files">
      <UniqueIdentifier>{4FC737F1-C7A5-4376-A066-2A32D752A2FF}</UniqueIdentifier>
      <Extensions>cpp;c;cc;cxx;c++;cppm;ixx;def;odl;idl;hpj;bat;asm;asmx</Extensions>
    </Filter>
    <Filter Include="Header Files">
      <UniqueIdentifier>{93995380-89BD-4b04-88EB-625FBE52EBFB}</UniqueIdentifier>
      <Extensions>h;hh;hpp;hxx;h++;hm;inl;inc;ipp;xsd</Extensions>
    </Filter>
    <Filter Include="Resource Files">
      <UniqueIdentifier>{67DA6AB6-F800-4c08-8B7A-83BB121AAD01}</UniqueIdentifier>
      <Extensions>rc;ico;cur;bmp;dlg;rc2;rct;bin;rgs;gif;jpg;jpeg;jpe;resx;tiff;tif;png;wav;mfcribbon-ms</Extensions>
    </Filter>
  </ItemGroup>
  <ItemGroup>
    <ClCompile Include="src\Source.cpp">
      <Filter>Source Files</Filter>
    </ClCompile>
    <ClCompile Include="src\Layer.cpp">
      <Filter>Source Files</Filter>
    </ClCompile>
    <ClCompile Include="src\NeuralNetwork.cpp">
      <Filter>Source Files</Filter>
    </ClCompile>
    <ClCompile Include="src\Neuroevolution.cpp">
      <Filter>Source Files</Filter>
    </ClCompile>
    <ClCompile Include="src\Utility\RNGGenerator.cpp">
      <Filter>Source Files</Filter>
    </ClCompile>
  </ItemGroup>
  <ItemGroup>
    <ClInclude Include="src\CrossoverAlgo\GeneticCrossover.h">
      <Filter>Header Files</Filter>
    </ClInclude>
    <ClInclude Include="src\CrossoverAlgo\MPCCrossover.h">
      <Filter>Header Files</Filter>
    </ClInclude>
    <ClInclude Include="src\CrossoverAlgo\SPCCrossover.h">
      <Filter>Header Files</Filter>
    </ClInclude>
    <ClInclude Include="src\CrossoverAlgo\UniformCrossover.h">
      <Filter>Header Files</Filter>
    </ClInclude>
    <ClInclude Include="src\MutationAlgo\AddMutation.h">
      <Filter>Header Files</Filter>
    </ClInclude>
    <ClInclude Include="src\MutationAlgo\GeneticMutator.h">
      <Filter>Header Files</Filter>
    </ClInclude>
    <ClInclude Include="src\MutationAlgo\NewMutation.h">
      <Filter>Header Files</Filter>
    </ClInclude>
    <ClInclude Include="src\MutationAlgo\ProcMutation.h">
      <Filter>Header Files</Filter>
    </ClInclude>
    <ClInclude Include="src\MutationAlgo\SignMutation.h">
      <Filter>Header Files</Filter>
    </ClInclude>
    <ClInclude Include="src\SelectionAlgo\GeneticSelector.h">
      <Filter>Header Files</Filter>
    </ClInclude>
    <ClInclude Include="src\SelectionAlgo\TournamentSelection.h">
      <Filter>Header Files</Filter>
    </ClInclude>
    <ClInclude Include="src\SelectionAlgo\TruncationSelection.h">
      <Filter>Header Files</Filter>
    </ClInclude>
    <ClInclude Include="src\SelectionAlgo\WheelSelection.h">
      <Filter>Header Files</Filter>
    </ClInclude>
    <ClInclude Include="src\Layer.h">
      <Filter>Header Files</Filter>
    </ClInclude>
    <ClInclude Include="src\NeuralNetwork.h">
      <Filter>Header Files</Filter>
    </ClInclude>
    <ClInclude Include="src\Neuroevolution.h">
      <Filter>Header Files</Filter>
    </ClInclude>
    <ClInclude Include="src\Neuron.h">
      <Filter>Header Files</Filter>
    </ClInclude>
    <ClInclude Include="src\Utility\GeneticAlgorithmBadInput.h">
      <Filter>Header Files</Filter>
    </ClInclude>
    <ClInclude Include="src\Utility\NetworkInputExcepction.h">
      <Filter>Header Files</Filter>
    </ClInclude>
    <ClInclude Include="src\Utility\RandomNumberGenerator.h">
      <Filter>Header Files</Filter>
    </ClInclude>
    <ClInclude Include="src\Utility\RNGGenerator.h">
      <Filter>Header Files</Filter>
    </ClInclude>
    <ClInclude Include="src\Utility\Timer.h">
      <Filter>Header Files</Filter>
    </ClInclude>
    <ClInclude Include="src\Utility\NetworkEnum.h">
      <Filter>Header Files</Filter>
    </ClInclude>
  </ItemGroup>
</Project>